
Microsoft Visual Studio Solution File, Format Version 12.00
# Visual Studio Version 17
VisualStudioVersion = 17.1.32228.430
MinimumVisualStudioVersion = 10.0.40219.1
Project("{2150E333-8FDC-42A3-9474-1A3956D46DE8}") = "Config", "Config", "{A93EBC06-33C8-49B7-BFAD-53503B392535}"
	ProjectSection(SolutionItems) = preProject
		Resources\Config\config.json = Resources\Config\config.json
	EndProjectSection
EndProject
Project("{2150E333-8FDC-42A3-9474-1A3956D46DE8}") = "Solution Items", "Solution Items", "{5D6433BA-AFAA-4844-975E-4BEF6A737BC2}"
	ProjectSection(SolutionItems) = preProject
		.dockerignore = .dockerignore
		.editorconfig = .editorconfig
	EndProjectSection
EndProject
Project("{9A19103F-16F7-4668-BE54-9A1E7A4F7556}") = "GK.Cryptoman.Model", "GK.Cryptoman.Model\GK.Cryptoman.Model.csproj", "{E2BA1D13-1E4D-4407-B2BC-C408B7374EA7}"
EndProject
Project("{9A19103F-16F7-4668-BE54-9A1E7A4F7556}") = "GK.Cryptoman.Tests", "GK.Cryptoman.Tests\GK.Cryptoman.Tests.csproj", "{65E5F876-E608-4D42-904E-98BC4286AE46}"
EndProject
Project("{9A19103F-16F7-4668-BE54-9A1E7A4F7556}") = "GK.Cryptoman.Utilities", "GK.Cryptoman.Utilities\GK.Cryptoman.Utilities.csproj", "{D6891AE9-66CB-408D-8DBE-335A8E20FF5E}"
EndProject
Project("{54A90642-561A-4BB1-A94E-469ADEE60C69}") = "GK.Cryptoman.UI", "gk-cryptoman-ui\GK.Cryptoman.UI.esproj", "{EB478EE5-C4A5-4D09-A474-96851631E72B}"
EndProject
Project("{9A19103F-16F7-4668-BE54-9A1E7A4F7556}") = "GK.Cryptoman.Hub", "GK.Cryptoman.Hub\GK.Cryptoman.Hub.csproj", "{F2642DB5-DE08-4B54-8E3A-FAC5560F3951}"
EndProject
Project("{E53339B2-1760-4266-BCC7-CA923CBCF16C}") = "docker-compose", "docker-compose.dcproj", "{3CED0C2A-24B3-49E4-9335-57D5016156D7}"
EndProject
Project("{FAE04EC0-301F-11D3-BF4B-00C04F79EFBC}") = "GK.Cryptoman.BackgroundWorker", "GK.Cryptoman.BackgroundWorker\GK.Cryptoman.BackgroundWorker.csproj", "{D28E4746-BE58-4E0F-BE77-A66F686B9C40}"
EndProject
Global
	GlobalSection(SolutionConfigurationPlatforms) = preSolution
		Debug|Any CPU = Debug|Any CPU
		Debug|x64 = Debug|x64
		Debug|x86 = Debug|x86
		Release|Any CPU = Release|Any CPU
		Release|x64 = Release|x64
		Release|x86 = Release|x86
	EndGlobalSection
	GlobalSection(ProjectConfigurationPlatforms) = postSolution
		{E2BA1D13-1E4D-4407-B2BC-C408B7374EA7}.Debug|Any CPU.ActiveCfg = Debug|Any CPU
		{E2BA1D13-1E4D-4407-B2BC-C408B7374EA7}.Debug|Any CPU.Build.0 = Debug|Any CPU
		{E2BA1D13-1E4D-4407-B2BC-C408B7374EA7}.Debug|x64.ActiveCfg = Debug|Any CPU
		{E2BA1D13-1E4D-4407-B2BC-C408B7374EA7}.Debug|x64.Build.0 = Debug|Any CPU
		{E2BA1D13-1E4D-4407-B2BC-C408B7374EA7}.Debug|x86.ActiveCfg = Debug|Any CPU
		{E2BA1D13-1E4D-4407-B2BC-C408B7374EA7}.Debug|x86.Build.0 = Debug|Any CPU
		{E2BA1D13-1E4D-4407-B2BC-C408B7374EA7}.Release|Any CPU.ActiveCfg = Release|Any CPU
		{E2BA1D13-1E4D-4407-B2BC-C408B7374EA7}.Release|Any CPU.Build.0 = Release|Any CPU
		{E2BA1D13-1E4D-4407-B2BC-C408B7374EA7}.Release|x64.ActiveCfg = Release|Any CPU
		{E2BA1D13-1E4D-4407-B2BC-C408B7374EA7}.Release|x64.Build.0 = Release|Any CPU
		{E2BA1D13-1E4D-4407-B2BC-C408B7374EA7}.Release|x86.ActiveCfg = Release|Any CPU
		{E2BA1D13-1E4D-4407-B2BC-C408B7374EA7}.Release|x86.Build.0 = Release|Any CPU
		{65E5F876-E608-4D42-904E-98BC4286AE46}.Debug|Any CPU.ActiveCfg = Debug|Any CPU
		{65E5F876-E608-4D42-904E-98BC4286AE46}.Debug|Any CPU.Build.0 = Debug|Any CPU
		{65E5F876-E608-4D42-904E-98BC4286AE46}.Debug|x64.ActiveCfg = Debug|Any CPU
		{65E5F876-E608-4D42-904E-98BC4286AE46}.Debug|x64.Build.0 = Debug|Any CPU
		{65E5F876-E608-4D42-904E-98BC4286AE46}.Debug|x86.ActiveCfg = Debug|Any CPU
		{65E5F876-E608-4D42-904E-98BC4286AE46}.Debug|x86.Build.0 = Debug|Any CPU
		{65E5F876-E608-4D42-904E-98BC4286AE46}.Release|Any CPU.ActiveCfg = Release|Any CPU
		{65E5F876-E608-4D42-904E-98BC4286AE46}.Release|Any CPU.Build.0 = Release|Any CPU
		{65E5F876-E608-4D42-904E-98BC4286AE46}.Release|x64.ActiveCfg = Release|Any CPU
		{65E5F876-E608-4D42-904E-98BC4286AE46}.Release|x64.Build.0 = Release|Any CPU
		{65E5F876-E608-4D42-904E-98BC4286AE46}.Release|x86.ActiveCfg = Release|Any CPU
		{65E5F876-E608-4D42-904E-98BC4286AE46}.Release|x86.Build.0 = Release|Any CPU
		{D6891AE9-66CB-408D-8DBE-335A8E20FF5E}.Debug|Any CPU.ActiveCfg = Debug|Any CPU
		{D6891AE9-66CB-408D-8DBE-335A8E20FF5E}.Debug|Any CPU.Build.0 = Debug|Any CPU
		{D6891AE9-66CB-408D-8DBE-335A8E20FF5E}.Debug|x64.ActiveCfg = Debug|Any CPU
		{D6891AE9-66CB-408D-8DBE-335A8E20FF5E}.Debug|x64.Build.0 = Debug|Any CPU
		{D6891AE9-66CB-408D-8DBE-335A8E20FF5E}.Debug|x86.ActiveCfg = Debug|Any CPU
		{D6891AE9-66CB-408D-8DBE-335A8E20FF5E}.Debug|x86.Build.0 = Debug|Any CPU
		{D6891AE9-66CB-408D-8DBE-335A8E20FF5E}.Release|Any CPU.ActiveCfg = Release|Any CPU
		{D6891AE9-66CB-408D-8DBE-335A8E20FF5E}.Release|Any CPU.Build.0 = Release|Any CPU
		{D6891AE9-66CB-408D-8DBE-335A8E20FF5E}.Release|x64.ActiveCfg = Release|Any CPU
		{D6891AE9-66CB-408D-8DBE-335A8E20FF5E}.Release|x64.Build.0 = Release|Any CPU
		{D6891AE9-66CB-408D-8DBE-335A8E20FF5E}.Release|x86.ActiveCfg = Release|Any CPU
		{D6891AE9-66CB-408D-8DBE-335A8E20FF5E}.Release|x86.Build.0 = Release|Any CPU
		{EB478EE5-C4A5-4D09-A474-96851631E72B}.Debug|Any CPU.ActiveCfg = Debug|Any CPU
		{EB478EE5-C4A5-4D09-A474-96851631E72B}.Debug|Any CPU.Build.0 = Debug|Any CPU
		{EB478EE5-C4A5-4D09-A474-96851631E72B}.Debug|Any CPU.Deploy.0 = Debug|Any CPU
		{EB478EE5-C4A5-4D09-A474-96851631E72B}.Debug|x64.ActiveCfg = Debug|Any CPU
		{EB478EE5-C4A5-4D09-A474-96851631E72B}.Debug|x64.Build.0 = Debug|Any CPU
		{EB478EE5-C4A5-4D09-A474-96851631E72B}.Debug|x64.Deploy.0 = Debug|Any CPU
		{EB478EE5-C4A5-4D09-A474-96851631E72B}.Debug|x86.ActiveCfg = Debug|Any CPU
		{EB478EE5-C4A5-4D09-A474-96851631E72B}.Debug|x86.Build.0 = Debug|Any CPU
		{EB478EE5-C4A5-4D09-A474-96851631E72B}.Debug|x86.Deploy.0 = Debug|Any CPU
		{EB478EE5-C4A5-4D09-A474-96851631E72B}.Release|Any CPU.ActiveCfg = Release|Any CPU
		{EB478EE5-C4A5-4D09-A474-96851631E72B}.Release|Any CPU.Build.0 = Release|Any CPU
		{EB478EE5-C4A5-4D09-A474-96851631E72B}.Release|Any CPU.Deploy.0 = Release|Any CPU
		{EB478EE5-C4A5-4D09-A474-96851631E72B}.Release|x64.ActiveCfg = Release|Any CPU
		{EB478EE5-C4A5-4D09-A474-96851631E72B}.Release|x64.Build.0 = Release|Any CPU
		{EB478EE5-C4A5-4D09-A474-96851631E72B}.Release|x64.Deploy.0 = Release|Any CPU
		{EB478EE5-C4A5-4D09-A474-96851631E72B}.Release|x86.ActiveCfg = Release|Any CPU
		{EB478EE5-C4A5-4D09-A474-96851631E72B}.Release|x86.Build.0 = Release|Any CPU
		{EB478EE5-C4A5-4D09-A474-96851631E72B}.Release|x86.Deploy.0 = Release|Any CPU
		{F2642DB5-DE08-4B54-8E3A-FAC5560F3951}.Debug|Any CPU.ActiveCfg = Debug|Any CPU
		{F2642DB5-DE08-4B54-8E3A-FAC5560F3951}.Debug|Any CPU.Build.0 = Debug|Any CPU
		{F2642DB5-DE08-4B54-8E3A-FAC5560F3951}.Debug|x64.ActiveCfg = Debug|Any CPU
		{F2642DB5-DE08-4B54-8E3A-FAC5560F3951}.Debug|x64.Build.0 = Debug|Any CPU
		{F2642DB5-DE08-4B54-8E3A-FAC5560F3951}.Debug|x86.ActiveCfg = Debug|Any CPU
		{F2642DB5-DE08-4B54-8E3A-FAC5560F3951}.Debug|x86.Build.0 = Debug|Any CPU
		{F2642DB5-DE08-4B54-8E3A-FAC5560F3951}.Release|Any CPU.ActiveCfg = Release|Any CPU
		{F2642DB5-DE08-4B54-8E3A-FAC5560F3951}.Release|Any CPU.Build.0 = Release|Any CPU
		{F2642DB5-DE08-4B54-8E3A-FAC5560F3951}.Release|x64.ActiveCfg = Release|Any CPU
		{F2642DB5-DE08-4B54-8E3A-FAC5560F3951}.Release|x64.Build.0 = Release|Any CPU
		{F2642DB5-DE08-4B54-8E3A-FAC5560F3951}.Release|x86.ActiveCfg = Release|Any CPU
		{F2642DB5-DE08-4B54-8E3A-FAC5560F3951}.Release|x86.Build.0 = Release|Any CPU
		{3CED0C2A-24B3-49E4-9335-57D5016156D7}.Debug|Any CPU.ActiveCfg = Debug|Any CPU
		{3CED0C2A-24B3-49E4-9335-57D5016156D7}.Debug|Any CPU.Build.0 = Debug|Any CPU
		{3CED0C2A-24B3-49E4-9335-57D5016156D7}.Debug|x64.ActiveCfg = Debug|Any CPU
		{3CED0C2A-24B3-49E4-9335-57D5016156D7}.Debug|x64.Build.0 = Debug|Any CPU
		{3CED0C2A-24B3-49E4-9335-57D5016156D7}.Debug|x86.ActiveCfg = Debug|Any CPU
		{3CED0C2A-24B3-49E4-9335-57D5016156D7}.Debug|x86.Build.0 = Debug|Any CPU
		{3CED0C2A-24B3-49E4-9335-57D5016156D7}.Release|Any CPU.ActiveCfg = Release|Any CPU
		{3CED0C2A-24B3-49E4-9335-57D5016156D7}.Release|Any CPU.Build.0 = Release|Any CPU
		{3CED0C2A-24B3-49E4-9335-57D5016156D7}.Release|x64.ActiveCfg = Release|Any CPU
		{3CED0C2A-24B3-49E4-9335-57D5016156D7}.Release|x64.Build.0 = Release|Any CPU
		{3CED0C2A-24B3-49E4-9335-57D5016156D7}.Release|x86.ActiveCfg = Release|Any CPU
		{3CED0C2A-24B3-49E4-9335-57D5016156D7}.Release|x86.Build.0 = Release|Any CPU
		{D28E4746-BE58-4E0F-BE77-A66F686B9C40}.Debug|Any CPU.ActiveCfg = Debug|Any CPU
		{D28E4746-BE58-4E0F-BE77-A66F686B9C40}.Debug|Any CPU.Build.0 = Debug|Any CPU
		{D28E4746-BE58-4E0F-BE77-A66F686B9C40}.Debug|x64.ActiveCfg = Debug|Any CPU
		{D28E4746-BE58-4E0F-BE77-A66F686B9C40}.Debug|x64.Build.0 = Debug|Any CPU
		{D28E4746-BE58-4E0F-BE77-A66F686B9C40}.Debug|x86.ActiveCfg = Debug|Any CPU
		{D28E4746-BE58-4E0F-BE77-A66F686B9C40}.Debug|x86.Build.0 = Debug|Any CPU
		{D28E4746-BE58-4E0F-BE77-A66F686B9C40}.Release|Any CPU.ActiveCfg = Release|Any CPU
		{D28E4746-BE58-4E0F-BE77-A66F686B9C40}.Release|Any CPU.Build.0 = Release|Any CPU
		{D28E4746-BE58-4E0F-BE77-A66F686B9C40}.Release|x64.ActiveCfg = Release|Any CPU
		{D28E4746-BE58-4E0F-BE77-A66F686B9C40}.Release|x64.Build.0 = Release|Any CPU
		{D28E4746-BE58-4E0F-BE77-A66F686B9C40}.Release|x86.ActiveCfg = Release|Any CPU
		{D28E4746-BE58-4E0F-BE77-A66F686B9C40}.Release|x86.Build.0 = Release|Any CPU
	EndGlobalSection
	GlobalSection(SolutionProperties) = preSolution
		HideSolutionNode = FALSE
	EndGlobalSection
	GlobalSection(ExtensibilityGlobals) = postSolution
		SolutionGuid = {CE4E8F56-A261-418C-B28F-E9F415A368FB}
	EndGlobalSection
EndGlobal
